
Microsoft Visual Studio Solution File, Format Version 12.00
# Visual Studio Version 17
VisualStudioVersion = 17.8.34309.116
MinimumVisualStudioVersion = 10.0.40219.1
Project("{8BC9CEB8-8B4A-11D0-8D11-00A0C91BC942}") = "ednakvi chisla", "ednakvi chisla\ednakvi chisla.vcxproj", "{ED72DFD6-D9C4-4F87-883C-50E5CDD90F10}"
EndProject
Global
	GlobalSection(SolutionConfigurationPlatforms) = preSolution
		Debug|x64 = Debug|x64
		Debug|x86 = Debug|x86
		Release|x64 = Release|x64
		Release|x86 = Release|x86
	EndGlobalSection
	GlobalSection(ProjectConfigurationPlatforms) = postSolution
		{ED72DFD6-D9C4-4F87-883C-50E5CDD90F10}.Debug|x64.ActiveCfg = Debug|x64
		{ED72DFD6-D9C4-4F87-883C-50E5CDD90F10}.Debug|x64.Build.0 = Debug|x64
		{ED72DFD6-D9C4-4F87-883C-50E5CDD90F10}.Debug|x86.ActiveCfg = Debug|Win32
		{ED72DFD6-D9C4-4F87-883C-50E5CDD90F10}.Debug|x86.Build.0 = Debug|Win32
		{ED72DFD6-D9C4-4F87-883C-50E5CDD90F10}.Release|x64.ActiveCfg = Release|x64
		{ED72DFD6-D9C4-4F87-883C-50E5CDD90F10}.Release|x64.Build.0 = Release|x64
		{ED72DFD6-D9C4-4F87-883C-50E5CDD90F10}.Release|x86.ActiveCfg = Release|Win32
		{ED72DFD6-D9C4-4F87-883C-50E5CDD90F10}.Release|x86.Build.0 = Release|Win32
	EndGlobalSection
	GlobalSection(SolutionProperties) = preSolution
		HideSolutionNode = FALSE
	EndGlobalSection
	GlobalSection(ExtensibilityGlobals) = postSolution
		SolutionGuid = {426A542A-2CC4-4B5B-8354-C4792FB87FD7}
	EndGlobalSection
EndGlobal
